
Microsoft Visual Studio Solution File, Format Version 12.00
# Visual Studio Version 17
VisualStudioVersion = 17.3.32825.248
MinimumVisualStudioVersion = 10.0.40219.1
Project("{8BC9CEB8-8B4A-11D0-8D11-00A0C91BC942}") = "SI2", "SI2\SI2.vcxproj", "{6FF0F664-9FC3-4643-A90D-DA15251EC927}"
EndProject
Global
	GlobalSection(SolutionConfigurationPlatforms) = preSolution
		Debug|x64 = Debug|x64
		Debug|x86 = Debug|x86
		Release|x64 = Release|x64
		Release|x86 = Release|x86
	EndGlobalSection
	GlobalSection(ProjectConfigurationPlatforms) = postSolution
		{6FF0F664-9FC3-4643-A90D-DA15251EC927}.Debug|x64.ActiveCfg = Debug|x64
		{6FF0F664-9FC3-4643-A90D-DA15251EC927}.Debug|x64.Build.0 = Debug|x64
		{6FF0F664-9FC3-4643-A90D-DA15251EC927}.Debug|x86.ActiveCfg = Debug|Win32
		{6FF0F664-9FC3-4643-A90D-DA15251EC927}.Debug|x86.Build.0 = Debug|Win32
		{6FF0F664-9FC3-4643-A90D-DA15251EC927}.Release|x64.ActiveCfg = Release|x64
		{6FF0F664-9FC3-4643-A90D-DA15251EC927}.Release|x64.Build.0 = Release|x64
		{6FF0F664-9FC3-4643-A90D-DA15251EC927}.Release|x86.ActiveCfg = Release|Win32
		{6FF0F664-9FC3-4643-A90D-DA15251EC927}.Release|x86.Build.0 = Release|Win32
	EndGlobalSection
	GlobalSection(SolutionProperties) = preSolution
		HideSolutionNode = FALSE
	EndGlobalSection
	GlobalSection(ExtensibilityGlobals) = postSolution
		SolutionGuid = {83276723-8F98-4F8F-88C8-91C7F2A590F0}
	EndGlobalSection
EndGlobal
